
Microsoft Visual Studio Solution File, Format Version 12.00
# Visual Studio 15
VisualStudioVersion = 15.0.28307.757
MinimumVisualStudioVersion = 10.0.40219.1
Project("{FAE04EC0-301F-11D3-BF4B-00C04F79EFBC}") = "AngularBlogCore.API", "AngularBlogCore.API\AngularBlogCore.API.csproj", "{FDC5C14B-468B-4AC2-8FE1-65D0051AE869}"
EndProject
Global
	GlobalSection(SolutionConfigurationPlatforms) = preSolution
		Debug|Any CPU = Debug|Any CPU
		Release|Any CPU = Release|Any CPU
	EndGlobalSection
	GlobalSection(ProjectConfigurationPlatforms) = postSolution
		{FDC5C14B-468B-4AC2-8FE1-65D0051AE869}.Debug|Any CPU.ActiveCfg = Debug|Any CPU
		{FDC5C14B-468B-4AC2-8FE1-65D0051AE869}.Debug|Any CPU.Build.0 = Debug|Any CPU
		{FDC5C14B-468B-4AC2-8FE1-65D0051AE869}.Release|Any CPU.ActiveCfg = Release|Any CPU
		{FDC5C14B-468B-4AC2-8FE1-65D0051AE869}.Release|Any CPU.Build.0 = Release|Any CPU
	EndGlobalSection
	GlobalSection(SolutionProperties) = preSolution
		HideSolutionNode = FALSE
	EndGlobalSection
	GlobalSection(ExtensibilityGlobals) = postSolution
		SolutionGuid = {D154EE21-9D6C-4B83-9B4F-7B633B8773E7}
	EndGlobalSection
EndGlobal
